
Microsoft Visual Studio Solution File, Format Version 12.00
# Visual Studio Version 17
VisualStudioVersion = 17.12.35707.178 d17.12
MinimumVisualStudioVersion = 10.0.40219.1
Project("{54A90642-561A-4BB1-A94E-469ADEE60C69}") = "react_otus", "react_otus\react_otus.esproj", "{73AB20A7-BB9E-432B-992C-279D0B423B6D}"
EndProject
Global
	GlobalSection(SolutionConfigurationPlatforms) = preSolution
		Debug|Any CPU = Debug|Any CPU
		Release|Any CPU = Release|Any CPU
	EndGlobalSection
	GlobalSection(ProjectConfigurationPlatforms) = postSolution
		{73AB20A7-BB9E-432B-992C-279D0B423B6D}.Debug|Any CPU.ActiveCfg = Debug|Any CPU
		{73AB20A7-BB9E-432B-992C-279D0B423B6D}.Debug|Any CPU.Build.0 = Debug|Any CPU
		{73AB20A7-BB9E-432B-992C-279D0B423B6D}.Debug|Any CPU.Deploy.0 = Debug|Any CPU
		{73AB20A7-BB9E-432B-992C-279D0B423B6D}.Release|Any CPU.ActiveCfg = Release|Any CPU
		{73AB20A7-BB9E-432B-992C-279D0B423B6D}.Release|Any CPU.Build.0 = Release|Any CPU
		{73AB20A7-BB9E-432B-992C-279D0B423B6D}.Release|Any CPU.Deploy.0 = Release|Any CPU
	EndGlobalSection
	GlobalSection(SolutionProperties) = preSolution
		HideSolutionNode = FALSE
	EndGlobalSection
EndGlobal
